
Microsoft Visual Studio Solution File, Format Version 12.00
Project("{FAE04EC0-301F-11D3-BF4B-00C04F79EFBC}") = "DotnetDev.Roslyn", "DotnetDev.Roslyn\DotnetDev.Roslyn.csproj", "{C196BDA6-966B-4B6F-A696-D4FA23B74DC3}"
EndProject
Global
	GlobalSection(SolutionConfigurationPlatforms) = preSolution
		Debug|Any CPU = Debug|Any CPU
		Release|Any CPU = Release|Any CPU
	EndGlobalSection
	GlobalSection(ProjectConfigurationPlatforms) = postSolution
		{C196BDA6-966B-4B6F-A696-D4FA23B74DC3}.Debug|Any CPU.ActiveCfg = Debug|Any CPU
		{C196BDA6-966B-4B6F-A696-D4FA23B74DC3}.Debug|Any CPU.Build.0 = Debug|Any CPU
		{C196BDA6-966B-4B6F-A696-D4FA23B74DC3}.Release|Any CPU.ActiveCfg = Release|Any CPU
		{C196BDA6-966B-4B6F-A696-D4FA23B74DC3}.Release|Any CPU.Build.0 = Release|Any CPU
	EndGlobalSection
EndGlobal
